{
  "name": "@jin0/shareglass",
  "version": "1.0.0",
  "lockfileVersion": 3,
  "requires": true,
  "packages": {
    "": {
      "name": "@jin0/shareglass",
      "version": "1.0.0",
      "license": "MIT",
      "bin": {
        "shareglass": "bin/shareglass.mjs"
      },
      "engines": {
        "node": ">=22"
      }
    }
  }
}
